
Microsoft Visual Studio Solution File, Format Version 12.00
# Visual Studio Version 16
VisualStudioVersion = 16.0.31624.102
MinimumVisualStudioVersion = 10.0.40219.1
Project("{9A19103F-16F7-4668-BE54-9A1E7A4F7556}") = "Klabin.Rml.Client", "Klabin.Rml.Client\Klabin.Rml.Client.csproj", "{3EBF0FE8-6B44-4603-9D77-434598084A14}"
EndProject
Project("{9A19103F-16F7-4668-BE54-9A1E7A4F7556}") = "Klabin.Rml.ClientLogic", "Klabin.Rml.ClientLogic\Klabin.Rml.ClientLogic.csproj", "{DC4DD7BC-DF33-4626-B58A-65D22DE7AC52}"
EndProject
Project("{2150E333-8FDC-42A3-9474-1A3956D46DE8}") = "Solution Items", "Solution Items", "{DE96A092-2916-4D74-B373-AA871A6901FC}"
	ProjectSection(SolutionItems) = preProject
		azure-pipelines.yml = azure-pipelines.yml
		nuget.config = nuget.config
	EndProjectSection
EndProject
Global
	GlobalSection(SolutionConfigurationPlatforms) = preSolution
		Debug|Any CPU = Debug|Any CPU
		Release|Any CPU = Release|Any CPU
	EndGlobalSection
	GlobalSection(ProjectConfigurationPlatforms) = postSolution
		{3EBF0FE8-6B44-4603-9D77-434598084A14}.Debug|Any CPU.ActiveCfg = Debug|Any CPU
		{3EBF0FE8-6B44-4603-9D77-434598084A14}.Debug|Any CPU.Build.0 = Debug|Any CPU
		{3EBF0FE8-6B44-4603-9D77-434598084A14}.Release|Any CPU.ActiveCfg = Release|Any CPU
		{3EBF0FE8-6B44-4603-9D77-434598084A14}.Release|Any CPU.Build.0 = Release|Any CPU
		{DC4DD7BC-DF33-4626-B58A-65D22DE7AC52}.Debug|Any CPU.ActiveCfg = Debug|Any CPU
		{DC4DD7BC-DF33-4626-B58A-65D22DE7AC52}.Debug|Any CPU.Build.0 = Debug|Any CPU
		{DC4DD7BC-DF33-4626-B58A-65D22DE7AC52}.Release|Any CPU.ActiveCfg = Release|Any CPU
		{DC4DD7BC-DF33-4626-B58A-65D22DE7AC52}.Release|Any CPU.Build.0 = Release|Any CPU
	EndGlobalSection
	GlobalSection(SolutionProperties) = preSolution
		HideSolutionNode = FALSE
	EndGlobalSection
	GlobalSection(ExtensibilityGlobals) = postSolution
		SolutionGuid = {E791BFB2-0F05-4C80-8F9F-992E5F248001}
	EndGlobalSection
EndGlobal
